
Microsoft Visual Studio Solution File, Format Version 12.00
# Visual Studio Version 17
VisualStudioVersion = 17.14.36414.22 d17.14
MinimumVisualStudioVersion = 10.0.40219.1
Project("{FAE04EC0-301F-11D3-BF4B-00C04F79EFBC}") = "Quan-Ly-Quan-Cafe", "Quan-Ly-Quan-Cafe\Quan-Ly-Quan-Cafe.csproj", "{1ACF1596-FB7E-4577-BE77-C3E2B93B4348}"
EndProject
Global
	GlobalSection(SolutionConfigurationPlatforms) = preSolution
		Debug|Any CPU = Debug|Any CPU
		Release|Any CPU = Release|Any CPU
	EndGlobalSection
	GlobalSection(ProjectConfigurationPlatforms) = postSolution
		{1ACF1596-FB7E-4577-BE77-C3E2B93B4348}.Debug|Any CPU.ActiveCfg = Debug|Any CPU
		{1ACF1596-FB7E-4577-BE77-C3E2B93B4348}.Debug|Any CPU.Build.0 = Debug|Any CPU
		{1ACF1596-FB7E-4577-BE77-C3E2B93B4348}.Release|Any CPU.ActiveCfg = Release|Any CPU
		{1ACF1596-FB7E-4577-BE77-C3E2B93B4348}.Release|Any CPU.Build.0 = Release|Any CPU
	EndGlobalSection
	GlobalSection(SolutionProperties) = preSolution
		HideSolutionNode = FALSE
	EndGlobalSection
	GlobalSection(ExtensibilityGlobals) = postSolution
		SolutionGuid = {52F65CB1-420F-4581-9903-25383E8231F5}
	EndGlobalSection
EndGlobal
